
Microsoft Visual Studio Solution File, Format Version 12.00
# Visual Studio Version 17
VisualStudioVersion = 17.4.33110.190
MinimumVisualStudioVersion = 10.0.40219.1
Project("{9A19103F-16F7-4668-BE54-9A1E7A4F7556}") = "BulkyBookWeb", "BulkyBook\BulkyBookWeb.csproj", "{EC731E41-7ECB-4028-BFC9-A81E70DCE8F2}"
EndProject
Project("{9A19103F-16F7-4668-BE54-9A1E7A4F7556}") = "BulkyBook.DataAccess", "BulkyBook.DataAccess\BulkyBook.DataAccess.csproj", "{6CB41115-6DE4-492A-B7A8-0F3E7869F090}"
EndProject
Project("{9A19103F-16F7-4668-BE54-9A1E7A4F7556}") = "BulkyBook.Models", "BulkyBook.Models\BulkyBook.Models.csproj", "{3E22B73C-EACA-42EC-B106-BBBA632AED47}"
EndProject
Project("{9A19103F-16F7-4668-BE54-9A1E7A4F7556}") = "BulkyBook.Utility", "BulkyBook.Utility\BulkyBook.Utility.csproj", "{6AE2111D-9530-4339-8C5C-F857CB5C8BE9}"
EndProject
Global
	GlobalSection(SolutionConfigurationPlatforms) = preSolution
		Debug|Any CPU = Debug|Any CPU
		Release|Any CPU = Release|Any CPU
	EndGlobalSection
	GlobalSection(ProjectConfigurationPlatforms) = postSolution
		{EC731E41-7ECB-4028-BFC9-A81E70DCE8F2}.Debug|Any CPU.ActiveCfg = Debug|Any CPU
		{EC731E41-7ECB-4028-BFC9-A81E70DCE8F2}.Debug|Any CPU.Build.0 = Debug|Any CPU
		{EC731E41-7ECB-4028-BFC9-A81E70DCE8F2}.Release|Any CPU.ActiveCfg = Release|Any CPU
		{EC731E41-7ECB-4028-BFC9-A81E70DCE8F2}.Release|Any CPU.Build.0 = Release|Any CPU
		{6CB41115-6DE4-492A-B7A8-0F3E7869F090}.Debug|Any CPU.ActiveCfg = Debug|Any CPU
		{6CB41115-6DE4-492A-B7A8-0F3E7869F090}.Debug|Any CPU.Build.0 = Debug|Any CPU
		{6CB41115-6DE4-492A-B7A8-0F3E7869F090}.Release|Any CPU.ActiveCfg = Release|Any CPU
		{6CB41115-6DE4-492A-B7A8-0F3E7869F090}.Release|Any CPU.Build.0 = Release|Any CPU
		{3E22B73C-EACA-42EC-B106-BBBA632AED47}.Debug|Any CPU.ActiveCfg = Debug|Any CPU
		{3E22B73C-EACA-42EC-B106-BBBA632AED47}.Debug|Any CPU.Build.0 = Debug|Any CPU
		{3E22B73C-EACA-42EC-B106-BBBA632AED47}.Release|Any CPU.ActiveCfg = Release|Any CPU
		{3E22B73C-EACA-42EC-B106-BBBA632AED47}.Release|Any CPU.Build.0 = Release|Any CPU
		{6AE2111D-9530-4339-8C5C-F857CB5C8BE9}.Debug|Any CPU.ActiveCfg = Debug|Any CPU
		{6AE2111D-9530-4339-8C5C-F857CB5C8BE9}.Debug|Any CPU.Build.0 = Debug|Any CPU
		{6AE2111D-9530-4339-8C5C-F857CB5C8BE9}.Release|Any CPU.ActiveCfg = Release|Any CPU
		{6AE2111D-9530-4339-8C5C-F857CB5C8BE9}.Release|Any CPU.Build.0 = Release|Any CPU
	EndGlobalSection
	GlobalSection(SolutionProperties) = preSolution
		HideSolutionNode = FALSE
	EndGlobalSection
	GlobalSection(ExtensibilityGlobals) = postSolution
		SolutionGuid = {198C3E23-2463-4619-BD56-E4AD51439D05}
	EndGlobalSection
EndGlobal
